
Microsoft Visual Studio Solution File, Format Version 12.00
# Visual Studio 14
VisualStudioVersion = 14.0.25123.0
MinimumVisualStudioVersion = 10.0.40219.1
Project("{FAE04EC0-301F-11D3-BF4B-00C04F79EFBC}") = "Blackfeather-Universal", "Blackfeather-Universal\Blackfeather-Universal.csproj", "{65C6EC52-DAAF-49BB-A64C-F3DE2E78E7FB}"
EndProject
Project("{FAE04EC0-301F-11D3-BF4B-00C04F79EFBC}") = "Blackfeather-35", "Blackfeather-35\Blackfeather-35.csproj", "{98DA5FD9-6503-467F-9AD5-71BA4682DFAF}"
EndProject
Project("{FAE04EC0-301F-11D3-BF4B-00C04F79EFBC}") = "Blackfeather-40", "Blackfeather-40\Blackfeather-40.csproj", "{1AE9452A-D496-4F93-AA9D-54AD720AF754}"
EndProject
Project("{FAE04EC0-301F-11D3-BF4B-00C04F79EFBC}") = "Blackfeather-45", "Blackfeather-45\Blackfeather-45.csproj", "{715EC26D-C48B-4D45-BE52-AEDE661ED8C9}"
EndProject
Project("{2150E333-8FDC-42A3-9474-1A3956D46DE8}") = "Solution Items", "Solution Items", "{7B9FEBAD-E234-48B0-B8AF-D32F8D438453}"
	ProjectSection(SolutionItems) = preProject
		Blackfeather.nuspec = Blackfeather.nuspec
		LICENSE = LICENSE
		README.md = README.md
	EndProjectSection
EndProject
Project("{FAE04EC0-301F-11D3-BF4B-00C04F79EFBC}") = "Blackfeather-35.Tests", "Blackfeather.Tests\Blackfeather-35.Tests.csproj", "{430E07DB-0BBA-43B3-A85A-953230C30075}"
EndProject
Global
	GlobalSection(SolutionConfigurationPlatforms) = preSolution
		Debug|Any CPU = Debug|Any CPU
		Debug|ARM = Debug|ARM
		Debug|x64 = Debug|x64
		Debug|x86 = Debug|x86
		Release|Any CPU = Release|Any CPU
		Release|ARM = Release|ARM
		Release|x64 = Release|x64
		Release|x86 = Release|x86
	EndGlobalSection
	GlobalSection(ProjectConfigurationPlatforms) = postSolution
		{65C6EC52-DAAF-49BB-A64C-F3DE2E78E7FB}.Debug|Any CPU.ActiveCfg = Debug|Any CPU
		{65C6EC52-DAAF-49BB-A64C-F3DE2E78E7FB}.Debug|Any CPU.Build.0 = Debug|Any CPU
		{65C6EC52-DAAF-49BB-A64C-F3DE2E78E7FB}.Debug|ARM.ActiveCfg = Debug|ARM
		{65C6EC52-DAAF-49BB-A64C-F3DE2E78E7FB}.Debug|ARM.Build.0 = Debug|ARM
		{65C6EC52-DAAF-49BB-A64C-F3DE2E78E7FB}.Debug|x64.ActiveCfg = Debug|x64
		{65C6EC52-DAAF-49BB-A64C-F3DE2E78E7FB}.Debug|x64.Build.0 = Debug|x64
		{65C6EC52-DAAF-49BB-A64C-F3DE2E78E7FB}.Debug|x86.ActiveCfg = Debug|x86
		{65C6EC52-DAAF-49BB-A64C-F3DE2E78E7FB}.Debug|x86.Build.0 = Debug|x86
		{65C6EC52-DAAF-49BB-A64C-F3DE2E78E7FB}.Release|Any CPU.ActiveCfg = Release|Any CPU
		{65C6EC52-DAAF-49BB-A64C-F3DE2E78E7FB}.Release|Any CPU.Build.0 = Release|Any CPU
		{65C6EC52-DAAF-49BB-A64C-F3DE2E78E7FB}.Release|ARM.ActiveCfg = Release|ARM
		{65C6EC52-DAAF-49BB-A64C-F3DE2E78E7FB}.Release|ARM.Build.0 = Release|ARM
		{65C6EC52-DAAF-49BB-A64C-F3DE2E78E7FB}.Release|x64.ActiveCfg = Release|x64
		{65C6EC52-DAAF-49BB-A64C-F3DE2E78E7FB}.Release|x64.Build.0 = Release|x64
		{65C6EC52-DAAF-49BB-A64C-F3DE2E78E7FB}.Release|x86.ActiveCfg = Release|x86
		{65C6EC52-DAAF-49BB-A64C-F3DE2E78E7FB}.Release|x86.Build.0 = Release|x86
		{98DA5FD9-6503-467F-9AD5-71BA4682DFAF}.Debug|Any CPU.ActiveCfg = Debug|Any CPU
		{98DA5FD9-6503-467F-9AD5-71BA4682DFAF}.Debug|Any CPU.Build.0 = Debug|Any CPU
		{98DA5FD9-6503-467F-9AD5-71BA4682DFAF}.Debug|ARM.ActiveCfg = Debug|Any CPU
		{98DA5FD9-6503-467F-9AD5-71BA4682DFAF}.Debug|ARM.Build.0 = Debug|Any CPU
		{98DA5FD9-6503-467F-9AD5-71BA4682DFAF}.Debug|x64.ActiveCfg = Debug|Any CPU
		{98DA5FD9-6503-467F-9AD5-71BA4682DFAF}.Debug|x64.Build.0 = Debug|Any CPU
		{98DA5FD9-6503-467F-9AD5-71BA4682DFAF}.Debug|x86.ActiveCfg = Debug|Any CPU
		{98DA5FD9-6503-467F-9AD5-71BA4682DFAF}.Debug|x86.Build.0 = Debug|Any CPU
		{98DA5FD9-6503-467F-9AD5-71BA4682DFAF}.Release|Any CPU.ActiveCfg = Release|Any CPU
		{98DA5FD9-6503-467F-9AD5-71BA4682DFAF}.Release|Any CPU.Build.0 = Release|Any CPU
		{98DA5FD9-6503-467F-9AD5-71BA4682DFAF}.Release|ARM.ActiveCfg = Release|Any CPU
		{98DA5FD9-6503-467F-9AD5-71BA4682DFAF}.Release|ARM.Build.0 = Release|Any CPU
		{98DA5FD9-6503-467F-9AD5-71BA4682DFAF}.Release|x64.ActiveCfg = Release|Any CPU
		{98DA5FD9-6503-467F-9AD5-71BA4682DFAF}.Release|x64.Build.0 = Release|Any CPU
		{98DA5FD9-6503-467F-9AD5-71BA4682DFAF}.Release|x86.ActiveCfg = Release|Any CPU
		{98DA5FD9-6503-467F-9AD5-71BA4682DFAF}.Release|x86.Build.0 = Release|Any CPU
		{1AE9452A-D496-4F93-AA9D-54AD720AF754}.Debug|Any CPU.ActiveCfg = Debug|Any CPU
		{1AE9452A-D496-4F93-AA9D-54AD720AF754}.Debug|Any CPU.Build.0 = Debug|Any CPU
		{1AE9452A-D496-4F93-AA9D-54AD720AF754}.Debug|ARM.ActiveCfg = Debug|Any CPU
		{1AE9452A-D496-4F93-AA9D-54AD720AF754}.Debug|ARM.Build.0 = Debug|Any CPU
		{1AE9452A-D496-4F93-AA9D-54AD720AF754}.Debug|x64.ActiveCfg = Debug|Any CPU
		{1AE9452A-D496-4F93-AA9D-54AD720AF754}.Debug|x64.Build.0 = Debug|Any CPU
		{1AE9452A-D496-4F93-AA9D-54AD720AF754}.Debug|x86.ActiveCfg = Debug|Any CPU
		{1AE9452A-D496-4F93-AA9D-54AD720AF754}.Debug|x86.Build.0 = Debug|Any CPU
		{1AE9452A-D496-4F93-AA9D-54AD720AF754}.Release|Any CPU.ActiveCfg = Release|Any CPU
		{1AE9452A-D496-4F93-AA9D-54AD720AF754}.Release|Any CPU.Build.0 = Release|Any CPU
		{1AE9452A-D496-4F93-AA9D-54AD720AF754}.Release|ARM.ActiveCfg = Release|Any CPU
		{1AE9452A-D496-4F93-AA9D-54AD720AF754}.Release|ARM.Build.0 = Release|Any CPU
		{1AE9452A-D496-4F93-AA9D-54AD720AF754}.Release|x64.ActiveCfg = Release|Any CPU
		{1AE9452A-D496-4F93-AA9D-54AD720AF754}.Release|x64.Build.0 = Release|Any CPU
		{1AE9452A-D496-4F93-AA9D-54AD720AF754}.Release|x86.ActiveCfg = Release|Any CPU
		{1AE9452A-D496-4F93-AA9D-54AD720AF754}.Release|x86.Build.0 = Release|Any CPU
		{715EC26D-C48B-4D45-BE52-AEDE661ED8C9}.Debug|Any CPU.ActiveCfg = Debug|Any CPU
		{715EC26D-C48B-4D45-BE52-AEDE661ED8C9}.Debug|Any CPU.Build.0 = Debug|Any CPU
		{715EC26D-C48B-4D45-BE52-AEDE661ED8C9}.Debug|ARM.ActiveCfg = Debug|Any CPU
		{715EC26D-C48B-4D45-BE52-AEDE661ED8C9}.Debug|ARM.Build.0 = Debug|Any CPU
		{715EC26D-C48B-4D45-BE52-AEDE661ED8C9}.Debug|x64.ActiveCfg = Debug|Any CPU
		{715EC26D-C48B-4D45-BE52-AEDE661ED8C9}.Debug|x64.Build.0 = Debug|Any CPU
		{715EC26D-C48B-4D45-BE52-AEDE661ED8C9}.Debug|x86.ActiveCfg = Debug|Any CPU
		{715EC26D-C48B-4D45-BE52-AEDE661ED8C9}.Debug|x86.Build.0 = Debug|Any CPU
		{715EC26D-C48B-4D45-BE52-AEDE661ED8C9}.Release|Any CPU.ActiveCfg = Release|Any CPU
		{715EC26D-C48B-4D45-BE52-AEDE661ED8C9}.Release|Any CPU.Build.0 = Release|Any CPU
		{715EC26D-C48B-4D45-BE52-AEDE661ED8C9}.Release|ARM.ActiveCfg = Release|Any CPU
		{715EC26D-C48B-4D45-BE52-AEDE661ED8C9}.Release|ARM.Build.0 = Release|Any CPU
		{715EC26D-C48B-4D45-BE52-AEDE661ED8C9}.Release|x64.ActiveCfg = Release|Any CPU
		{715EC26D-C48B-4D45-BE52-AEDE661ED8C9}.Release|x64.Build.0 = Release|Any CPU
		{715EC26D-C48B-4D45-BE52-AEDE661ED8C9}.Release|x86.ActiveCfg = Release|Any CPU
		{715EC26D-C48B-4D45-BE52-AEDE661ED8C9}.Release|x86.Build.0 = Release|Any CPU
		{430E07DB-0BBA-43B3-A85A-953230C30075}.Debug|Any CPU.ActiveCfg = Debug|Any CPU
		{430E07DB-0BBA-43B3-A85A-953230C30075}.Debug|Any CPU.Build.0 = Debug|Any CPU
		{430E07DB-0BBA-43B3-A85A-953230C30075}.Debug|ARM.ActiveCfg = Debug|Any CPU
		{430E07DB-0BBA-43B3-A85A-953230C30075}.Debug|ARM.Build.0 = Debug|Any CPU
		{430E07DB-0BBA-43B3-A85A-953230C30075}.Debug|x64.ActiveCfg = Debug|Any CPU
		{430E07DB-0BBA-43B3-A85A-953230C30075}.Debug|x64.Build.0 = Debug|Any CPU
		{430E07DB-0BBA-43B3-A85A-953230C30075}.Debug|x86.ActiveCfg = Debug|Any CPU
		{430E07DB-0BBA-43B3-A85A-953230C30075}.Debug|x86.Build.0 = Debug|Any CPU
		{430E07DB-0BBA-43B3-A85A-953230C30075}.Release|Any CPU.ActiveCfg = Release|Any CPU
		{430E07DB-0BBA-43B3-A85A-953230C30075}.Release|Any CPU.Build.0 = Release|Any CPU
		{430E07DB-0BBA-43B3-A85A-953230C30075}.Release|ARM.ActiveCfg = Release|Any CPU
		{430E07DB-0BBA-43B3-A85A-953230C30075}.Release|ARM.Build.0 = Release|Any CPU
		{430E07DB-0BBA-43B3-A85A-953230C30075}.Release|x64.ActiveCfg = Release|Any CPU
		{430E07DB-0BBA-43B3-A85A-953230C30075}.Release|x64.Build.0 = Release|Any CPU
		{430E07DB-0BBA-43B3-A85A-953230C30075}.Release|x86.ActiveCfg = Release|Any CPU
		{430E07DB-0BBA-43B3-A85A-953230C30075}.Release|x86.Build.0 = Release|Any CPU
	EndGlobalSection
	GlobalSection(SolutionProperties) = preSolution
		HideSolutionNode = FALSE
	EndGlobalSection
EndGlobal
